// !$*UTF8*$!
{
	archiveVersion = 1;
	classes = {
	};
	objectVersion = 50;
	objects = {

/* Begin PBXBuildFile section */
		3F2E5C872D04B794AF582D68 /* Pods_MinervaTests.framework in Frameworks */ = {isa = PBXBuildFile; fileRef = 8A34DB02F0AB6C525682A7BC /* Pods_MinervaTests.framework */; };
		60D73E14D0EDCABE45E90DC7 /* Pods_Minerva.framework in Frameworks */ = {isa = PBXBuildFile; fileRef = A37D18A6358BA20F504D3E75 /* Pods_Minerva.framework */; };
		6A3350512178ADB200D014C3 /* AppDelegate.swift in Sources */ = {isa = PBXBuildFile; fileRef = 6A3350502178ADB200D014C3 /* AppDelegate.swift */; };
		6A3350532178ADB200D014C3 /* ViewController.swift in Sources */ = {isa = PBXBuildFile; fileRef = 6A3350522178ADB200D014C3 /* ViewController.swift */; };
		6A3350562178ADB200D014C3 /* Main.storyboard in Resources */ = {isa = PBXBuildFile; fileRef = 6A3350542178ADB200D014C3 /* Main.storyboard */; };
		6A3350582178ADB300D014C3 /* Assets.xcassets in Resources */ = {isa = PBXBuildFile; fileRef = 6A3350572178ADB300D014C3 /* Assets.xcassets */; };
		6A33505B2178ADB300D014C3 /* LaunchScreen.storyboard in Resources */ = {isa = PBXBuildFile; fileRef = 6A3350592178ADB300D014C3 /* LaunchScreen.storyboard */; };
		6A3350662178ADB400D014C3 /* MinervaTests.swift in Sources */ = {isa = PBXBuildFile; fileRef = 6A3350652178ADB400D014C3 /* MinervaTests.swift */; };
		6A68EF5D217CB3B4007D7291 /* GoogleService-Info.plist in Resources */ = {isa = PBXBuildFile; fileRef = 6A68EF5C217CB3B4007D7291 /* GoogleService-Info.plist */; };
		6A68EF5F217CDFF3007D7291 /* AlbumTableViewCell.swift in Sources */ = {isa = PBXBuildFile; fileRef = 6A68EF5E217CDFF3007D7291 /* AlbumTableViewCell.swift */; };
		6A68EF61217CE784007D7291 /* Album.swift in Sources */ = {isa = PBXBuildFile; fileRef = 6A68EF60217CE784007D7291 /* Album.swift */; };
		6A68EF65217CE8F7007D7291 /* AlbumTableViewController.swift in Sources */ = {isa = PBXBuildFile; fileRef = 6A68EF64217CE8F7007D7291 /* AlbumTableViewController.swift */; };
		6A68EF67217D0502007D7291 /* AlbumPhotosViewController.swift in Sources */ = {isa = PBXBuildFile; fileRef = 6A68EF66217D0502007D7291 /* AlbumPhotosViewController.swift */; };
		6A68EF6B217D0956007D7291 /* AlbumPhotosCollectionViewCell.swift in Sources */ = {isa = PBXBuildFile; fileRef = 6A68EF6A217D0956007D7291 /* AlbumPhotosCollectionViewCell.swift */; };
		6A790859217CAC3D00FFE563 /* SignInViewController.swift in Sources */ = {isa = PBXBuildFile; fileRef = 6A790858217CAC3D00FFE563 /* SignInViewController.swift */; };
/* End PBXBuildFile section */

/* Begin PBXContainerItemProxy section */
		6A3350622178ADB400D014C3 /* PBXContainerItemProxy */ = {
			isa = PBXContainerItemProxy;
			containerPortal = 6A3350452178ADB200D014C3 /* Project object */;
			proxyType = 1;
			remoteGlobalIDString = 6A33504C2178ADB200D014C3;
			remoteInfo = Minerva;
		};
/* End PBXContainerItemProxy section */

/* Begin PBXFileReference section */
		1FD924BB4DB867E32B37285B /* Pods-MinervaTests.debug.xcconfig */ = {isa = PBXFileReference; includeInIndex = 1; lastKnownFileType = text.xcconfig; name = "Pods-MinervaTests.debug.xcconfig"; path = "Pods/Target Support Files/Pods-MinervaTests/Pods-MinervaTests.debug.xcconfig"; sourceTree = "<group>"; };
		2781927DD8C03990C926684E /* Pods-Minerva.debug.xcconfig */ = {isa = PBXFileReference; includeInIndex = 1; lastKnownFileType = text.xcconfig; name = "Pods-Minerva.debug.xcconfig"; path = "Pods/Target Support Files/Pods-Minerva/Pods-Minerva.debug.xcconfig"; sourceTree = "<group>"; };
		4AC687777395F30C65D7D66D /* Pods-MinervaTests.release.xcconfig */ = {isa = PBXFileReference; includeInIndex = 1; lastKnownFileType = text.xcconfig; name = "Pods-MinervaTests.release.xcconfig"; path = "Pods/Target Support Files/Pods-MinervaTests/Pods-MinervaTests.release.xcconfig"; sourceTree = "<group>"; };
		50BC76314B3087338E8CBDF7 /* Pods-Minerva.release.xcconfig */ = {isa = PBXFileReference; includeInIndex = 1; lastKnownFileType = text.xcconfig; name = "Pods-Minerva.release.xcconfig"; path = "Pods/Target Support Files/Pods-Minerva/Pods-Minerva.release.xcconfig"; sourceTree = "<group>"; };
		6A33504D2178ADB200D014C3 /* Minerva.app */ = {isa = PBXFileReference; explicitFileType = wrapper.application; includeInIndex = 0; path = Minerva.app; sourceTree = BUILT_PRODUCTS_DIR; };
		6A3350502178ADB200D014C3 /* AppDelegate.swift */ = {isa = PBXFileReference; lastKnownFileType = sourcecode.swift; path = AppDelegate.swift; sourceTree = "<group>"; };
		6A3350522178ADB200D014C3 /* ViewController.swift */ = {isa = PBXFileReference; lastKnownFileType = sourcecode.swift; path = ViewController.swift; sourceTree = "<group>"; };
		6A3350552178ADB200D014C3 /* Base */ = {isa = PBXFileReference; lastKnownFileType = file.storyboard; name = Base; path = Base.lproj/Main.storyboard; sourceTree = "<group>"; };
		6A3350572178ADB300D014C3 /* Assets.xcassets */ = {isa = PBXFileReference; lastKnownFileType = folder.assetcatalog; path = Assets.xcassets; sourceTree = "<group>"; };
		6A33505A2178ADB300D014C3 /* Base */ = {isa = PBXFileReference; lastKnownFileType = file.storyboard; name = Base; path = Base.lproj/LaunchScreen.storyboard; sourceTree = "<group>"; };
		6A33505C2178ADB300D014C3 /* Info.plist */ = {isa = PBXFileReference; lastKnownFileType = text.plist.xml; path = Info.plist; sourceTree = "<group>"; };
		6A3350612178ADB400D014C3 /* MinervaTests.xctest */ = {isa = PBXFileReference; explicitFileType = wrapper.cfbundle; includeInIndex = 0; path = MinervaTests.xctest; sourceTree = BUILT_PRODUCTS_DIR; };
		6A3350652178ADB400D014C3 /* MinervaTests.swift */ = {isa = PBXFileReference; lastKnownFileType = sourcecode.swift; path = MinervaTests.swift; sourceTree = "<group>"; };
		6A3350672178ADB400D014C3 /* Info.plist */ = {isa = PBXFileReference; lastKnownFileType = text.plist.xml; path = Info.plist; sourceTree = "<group>"; };
		6A68EF5C217CB3B4007D7291 /* GoogleService-Info.plist */ = {isa = PBXFileReference; fileEncoding = 4; lastKnownFileType = text.plist.xml; path = "GoogleService-Info.plist"; sourceTree = "<group>"; };
		6A68EF5E217CDFF3007D7291 /* AlbumTableViewCell.swift */ = {isa = PBXFileReference; lastKnownFileType = sourcecode.swift; path = AlbumTableViewCell.swift; sourceTree = "<group>"; };
		6A68EF60217CE784007D7291 /* Album.swift */ = {isa = PBXFileReference; lastKnownFileType = sourcecode.swift; path = Album.swift; sourceTree = "<group>"; };
		6A68EF64217CE8F7007D7291 /* AlbumTableViewController.swift */ = {isa = PBXFileReference; lastKnownFileType = sourcecode.swift; path = AlbumTableViewController.swift; sourceTree = "<group>"; };
		6A68EF66217D0502007D7291 /* AlbumPhotosViewController.swift */ = {isa = PBXFileReference; lastKnownFileType = sourcecode.swift; path = AlbumPhotosViewController.swift; sourceTree = "<group>"; };
		6A68EF6A217D0956007D7291 /* AlbumPhotosCollectionViewCell.swift */ = {isa = PBXFileReference; lastKnownFileType = sourcecode.swift; path = AlbumPhotosCollectionViewCell.swift; sourceTree = "<group>"; };
		6A790858217CAC3D00FFE563 /* SignInViewController.swift */ = {isa = PBXFileReference; lastKnownFileType = sourcecode.swift; path = SignInViewController.swift; sourceTree = "<group>"; };
		8A34DB02F0AB6C525682A7BC /* Pods_MinervaTests.framework */ = {isa = PBXFileReference; explicitFileType = wrapper.framework; includeInIndex = 0; path = Pods_MinervaTests.framework; sourceTree = BUILT_PRODUCTS_DIR; };
		A37D18A6358BA20F504D3E75 /* Pods_Minerva.framework */ = {isa = PBXFileReference; explicitFileType = wrapper.framework; includeInIndex = 0; path = Pods_Minerva.framework; sourceTree = BUILT_PRODUCTS_DIR; };
/* End PBXFileReference section */

/* Begin PBXFrameworksBuildPhase section */
		6A33504A2178ADB200D014C3 /* Frameworks */ = {
			isa = PBXFrameworksBuildPhase;
			buildActionMask = 2147483647;
			files = (
				60D73E14D0EDCABE45E90DC7 /* Pods_Minerva.framework in Frameworks */,
			);
			runOnlyForDeploymentPostprocessing = 0;
		};
		6A33505E2178ADB400D014C3 /* Frameworks */ = {
			isa = PBXFrameworksBuildPhase;
			buildActionMask = 2147483647;
			files = (
				3F2E5C872D04B794AF582D68 /* Pods_MinervaTests.framework in Frameworks */,
			);
			runOnlyForDeploymentPostprocessing = 0;
		};
/* End PBXFrameworksBuildPhase section */

/* Begin PBXGroup section */
		6A3350442178ADB200D014C3 = {
			isa = PBXGroup;
			children = (
				6A33504F2178ADB200D014C3 /* Minerva */,
				6A3350642178ADB400D014C3 /* MinervaTests */,
				6A33504E2178ADB200D014C3 /* Products */,
				85A7B95E3129C1F5C9853B9F /* Pods */,
				7DC030157FD2B454B2050286 /* Frameworks */,
			);
			sourceTree = "<group>";
		};
		6A33504E2178ADB200D014C3 /* Products */ = {
			isa = PBXGroup;
			children = (
				6A33504D2178ADB200D014C3 /* Minerva.app */,
				6A3350612178ADB400D014C3 /* MinervaTests.xctest */,
			);
			name = Products;
			sourceTree = "<group>";
		};
		6A33504F2178ADB200D014C3 /* Minerva */ = {
			isa = PBXGroup;
			children = (
				6AF8FE5F217F536D00C8801C /* SupportFiles */,
				6A68EF68217D050B007D7291 /* Album */,
				6A68EF6C217D0E52007D7291 /* AlbumPhotos */,
				6A68EF69217D0525007D7291 /* SignIn */,
				6A3350542178ADB200D014C3 /* Main.storyboard */,
				6A3350572178ADB300D014C3 /* Assets.xcassets */,
				6A3350592178ADB300D014C3 /* LaunchScreen.storyboard */,
				6A33505C2178ADB300D014C3 /* Info.plist */,
				6A68EF5C217CB3B4007D7291 /* GoogleService-Info.plist */,
			);
			path = Minerva;
			sourceTree = "<group>";
		};
		6A3350642178ADB400D014C3 /* MinervaTests */ = {
			isa = PBXGroup;
			children = (
				6A3350652178ADB400D014C3 /* MinervaTests.swift */,
				6A3350672178ADB400D014C3 /* Info.plist */,
			);
			path = MinervaTests;
			sourceTree = "<group>";
		};
		6A68EF68217D050B007D7291 /* Album */ = {
			isa = PBXGroup;
			children = (
				6A68EF60217CE784007D7291 /* Album.swift */,
				6A68EF5E217CDFF3007D7291 /* AlbumTableViewCell.swift */,
				6A68EF64217CE8F7007D7291 /* AlbumTableViewController.swift */,
			);
			path = Album;
			sourceTree = "<group>";
		};
		6A68EF69217D0525007D7291 /* SignIn */ = {
			isa = PBXGroup;
			children = (
				6A790858217CAC3D00FFE563 /* SignInViewController.swift */,
			);
			path = SignIn;
			sourceTree = "<group>";
		};
		6A68EF6C217D0E52007D7291 /* AlbumPhotos */ = {
			isa = PBXGroup;
			children = (
				6A68EF66217D0502007D7291 /* AlbumPhotosViewController.swift */,
				6A68EF6A217D0956007D7291 /* AlbumPhotosCollectionViewCell.swift */,
			);
			path = AlbumPhotos;
			sourceTree = "<group>";
		};
		6AF8FE5F217F536D00C8801C /* SupportFiles */ = {
			isa = PBXGroup;
			children = (
				6A3350522178ADB200D014C3 /* ViewController.swift */,
				6A3350502178ADB200D014C3 /* AppDelegate.swift */,
			);
			path = SupportFiles;
			sourceTree = "<group>";
		};
		7DC030157FD2B454B2050286 /* Frameworks */ = {
			isa = PBXGroup;
			children = (
				A37D18A6358BA20F504D3E75 /* Pods_Minerva.framework */,
				8A34DB02F0AB6C525682A7BC /* Pods_MinervaTests.framework */,
			);
			name = Frameworks;
			sourceTree = "<group>";
		};
		85A7B95E3129C1F5C9853B9F /* Pods */ = {
			isa = PBXGroup;
			children = (
				2781927DD8C03990C926684E /* Pods-Minerva.debug.xcconfig */,
				50BC76314B3087338E8CBDF7 /* Pods-Minerva.release.xcconfig */,
				1FD924BB4DB867E32B37285B /* Pods-MinervaTests.debug.xcconfig */,
				4AC687777395F30C65D7D66D /* Pods-MinervaTests.release.xcconfig */,
			);
			name = Pods;
			sourceTree = "<group>";
		};
/* End PBXGroup section */

/* Begin PBXNativeTarget section */
		6A33504C2178ADB200D014C3 /* Minerva */ = {
			isa = PBXNativeTarget;
			buildConfigurationList = 6A33506A2178ADB400D014C3 /* Build configuration list for PBXNativeTarget "Minerva" */;
			buildPhases = (
				D98659307AEBCDA14D250779 /* [CP] Check Pods Manifest.lock */,
				6A3350492178ADB200D014C3 /* Sources */,
				6A33504A2178ADB200D014C3 /* Frameworks */,
				6A33504B2178ADB200D014C3 /* Resources */,
				343A9FCC748367AEE6AFE9B4 /* [CP] Embed Pods Frameworks */,
			);
			buildRules = (
			);
			dependencies = (
			);
			name = Minerva;
			productName = Minerva;
			productReference = 6A33504D2178ADB200D014C3 /* Minerva.app */;
			productType = "com.apple.product-type.application";
		};
		6A3350602178ADB400D014C3 /* MinervaTests */ = {
			isa = PBXNativeTarget;
			buildConfigurationList = 6A33506D2178ADB400D014C3 /* Build configuration list for PBXNativeTarget "MinervaTests" */;
			buildPhases = (
				FA7057B7F87E76ED56C5F633 /* [CP] Check Pods Manifest.lock */,
				6A33505D2178ADB400D014C3 /* Sources */,
				6A33505E2178ADB400D014C3 /* Frameworks */,
				6A33505F2178ADB400D014C3 /* Resources */,
			);
			buildRules = (
			);
			dependencies = (
				6A3350632178ADB400D014C3 /* PBXTargetDependency */,
			);
			name = MinervaTests;
			productName = MinervaTests;
			productReference = 6A3350612178ADB400D014C3 /* MinervaTests.xctest */;
			productType = "com.apple.product-type.bundle.unit-test";
		};
/* End PBXNativeTarget section */

/* Begin PBXProject section */
		6A3350452178ADB200D014C3 /* Project object */ = {
			isa = PBXProject;
			attributes = {
				LastSwiftUpdateCheck = 1000;
				LastUpgradeCheck = 1000;
				ORGANIZATIONNAME = "Tristan Griffin";
				TargetAttributes = {
					6A33504C2178ADB200D014C3 = {
						CreatedOnToolsVersion = 10.0;
					};
					6A3350602178ADB400D014C3 = {
						CreatedOnToolsVersion = 10.0;
						TestTargetID = 6A33504C2178ADB200D014C3;
					};
				};
			};
			buildConfigurationList = 6A3350482178ADB200D014C3 /* Build configuration list for PBXProject "Minerva" */;
			compatibilityVersion = "Xcode 9.3";
			developmentRegion = en;
			hasScannedForEncodings = 0;
			knownRegions = (
				en,
				Base,
			);
			mainGroup = 6A3350442178ADB200D014C3;
			productRefGroup = 6A33504E2178ADB200D014C3 /* Products */;
			projectDirPath = "";
			projectRoot = "";
			targets = (
				6A33504C2178ADB200D014C3 /* Minerva */,
				6A3350602178ADB400D014C3 /* MinervaTests */,
			);
		};
/* End PBXProject section */

/* Begin PBXResourcesBuildPhase section */
		6A33504B2178ADB200D014C3 /* Resources */ = {
			isa = PBXResourcesBuildPhase;
			buildActionMask = 2147483647;
			files = (
				6A33505B2178ADB300D014C3 /* LaunchScreen.storyboard in Resources */,
				6A68EF5D217CB3B4007D7291 /* GoogleService-Info.plist in Resources */,
				6A3350582178ADB300D014C3 /* Assets.xcassets in Resources */,
				6A3350562178ADB200D014C3 /* Main.storyboard in Resources */,
			);
			runOnlyForDeploymentPostprocessing = 0;
		};
		6A33505F2178ADB400D014C3 /* Resources */ = {
			isa = PBXResourcesBuildPhase;
			buildActionMask = 2147483647;
			files = (
			);
			runOnlyForDeploymentPostprocessing = 0;
		};
/* End PBXResourcesBuildPhase section */

/* Begin PBXShellScriptBuildPhase section */
		343A9FCC748367AEE6AFE9B4 /* [CP] Embed Pods Frameworks */ = {
			isa = PBXShellScriptBuildPhase;
			buildActionMask = 2147483647;
			files = (
			);
			inputFileListPaths = (
			);
			inputPaths = (
				"${SRCROOT}/Pods/Target Support Files/Pods-Minerva/Pods-Minerva-frameworks.sh",
				"${BUILT_PRODUCTS_DIR}/BoringSSL/openssl.framework",
				"${BUILT_PRODUCTS_DIR}/GTMSessionFetcher/GTMSessionFetcher.framework",
				"${BUILT_PRODUCTS_DIR}/GoogleUtilities/GoogleUtilities.framework",
				"${BUILT_PRODUCTS_DIR}/Protobuf/Protobuf.framework",
				"${BUILT_PRODUCTS_DIR}/gRPC/GRPCClient.framework",
				"${BUILT_PRODUCTS_DIR}/gRPC-C++/grpcpp.framework",
				"${BUILT_PRODUCTS_DIR}/gRPC-Core/grpc.framework",
				"${BUILT_PRODUCTS_DIR}/gRPC-ProtoRPC/ProtoRPC.framework",
				"${BUILT_PRODUCTS_DIR}/gRPC-RxLibrary/RxLibrary.framework",
				"${BUILT_PRODUCTS_DIR}/leveldb-library/leveldb.framework",
				"${BUILT_PRODUCTS_DIR}/nanopb/nanopb.framework",
			);
			name = "[CP] Embed Pods Frameworks";
			outputFileListPaths = (
			);
			outputPaths = (
				"${TARGET_BUILD_DIR}/${FRAMEWORKS_FOLDER_PATH}/openssl.framework",
				"${TARGET_BUILD_DIR}/${FRAMEWORKS_FOLDER_PATH}/GTMSessionFetcher.framework",
				"${TARGET_BUILD_DIR}/${FRAMEWORKS_FOLDER_PATH}/GoogleUtilities.framework",
				"${TARGET_BUILD_DIR}/${FRAMEWORKS_FOLDER_PATH}/Protobuf.framework",
				"${TARGET_BUILD_DIR}/${FRAMEWORKS_FOLDER_PATH}/GRPCClient.framework",
				"${TARGET_BUILD_DIR}/${FRAMEWORKS_FOLDER_PATH}/grpcpp.framework",
				"${TARGET_BUILD_DIR}/${FRAMEWORKS_FOLDER_PATH}/grpc.framework",
				"${TARGET_BUILD_DIR}/${FRAMEWORKS_FOLDER_PATH}/ProtoRPC.framework",
				"${TARGET_BUILD_DIR}/${FRAMEWORKS_FOLDER_PATH}/RxLibrary.framework",
				"${TARGET_BUILD_DIR}/${FRAMEWORKS_FOLDER_PATH}/leveldb.framework",
				"${TARGET_BUILD_DIR}/${FRAMEWORKS_FOLDER_PATH}/nanopb.framework",
			);
			runOnlyForDeploymentPostprocessing = 0;
			shellPath = /bin/sh;
			shellScript = "\"${SRCROOT}/Pods/Target Support Files/Pods-Minerva/Pods-Minerva-frameworks.sh\"\n";
			showEnvVarsInLog = 0;
		};
		D98659307AEBCDA14D250779 /* [CP] Check Pods Manifest.lock */ = {
			isa = PBXShellScriptBuildPhase;
			buildActionMask = 2147483647;
			files = (
			);
			inputFileListPaths = (
			);
			inputPaths = (
				"${PODS_PODFILE_DIR_PATH}/Podfile.lock",
				"${PODS_ROOT}/Manifest.lock",
			);
			name = "[CP] Check Pods Manifest.lock";
			outputFileListPaths = (
			);
			outputPaths = (
				"$(DERIVED_FILE_DIR)/Pods-Minerva-checkManifestLockResult.txt",
			);
			runOnlyForDeploymentPostprocessing = 0;
			shellPath = /bin/sh;
			shellScript = "diff \"${PODS_PODFILE_DIR_PATH}/Podfile.lock\" \"${PODS_ROOT}/Manifest.lock\" > /dev/null\nif [ $? != 0 ] ; then\n    # print error to STDERR\n    echo \"error: The sandbox is not in sync with the Podfile.lock. Run 'pod install' or update your CocoaPods installation.\" >&2\n    exit 1\nfi\n# This output is used by Xcode 'outputs' to avoid re-running this script phase.\necho \"SUCCESS\" > \"${SCRIPT_OUTPUT_FILE_0}\"\n";
			showEnvVarsInLog = 0;
		};
		FA7057B7F87E76ED56C5F633 /* [CP] Check Pods Manifest.lock */ = {
			isa = PBXShellScriptBuildPhase;
			buildActionMask = 2147483647;
			files = (
			);
			inputFileListPaths = (
			);
			inputPaths = (
				"${PODS_PODFILE_DIR_PATH}/Podfile.lock",
				"${PODS_ROOT}/Manifest.lock",
			);
			name = "[CP] Check Pods Manifest.lock";
			outputFileListPaths = (
			);
			outputPaths = (
				"$(DERIVED_FILE_DIR)/Pods-MinervaTests-checkManifestLockResult.txt",
			);
			runOnlyForDeploymentPostprocessing = 0;
			shellPath = /bin/sh;
			shellScript = "diff \"${PODS_PODFILE_DIR_PATH}/Podfile.lock\" \"${PODS_ROOT}/Manifest.lock\" > /dev/null\nif [ $? != 0 ] ; then\n    # print error to STDERR\n    echo \"error: The sandbox is not in sync with the Podfile.lock. Run 'pod install' or update your CocoaPods installation.\" >&2\n    exit 1\nfi\n# This output is used by Xcode 'outputs' to avoid re-running this script phase.\necho \"SUCCESS\" > \"${SCRIPT_OUTPUT_FILE_0}\"\n";
			showEnvVarsInLog = 0;
		};
/* End PBXShellScriptBuildPhase section */

/* Begin PBXSourcesBuildPhase section */
		6A3350492178ADB200D014C3 /* Sources */ = {
			isa = PBXSourcesBuildPhase;
			buildActionMask = 2147483647;
			files = (
				6A3350532178ADB200D014C3 /* ViewController.swift in Sources */,
				6A68EF65217CE8F7007D7291 /* AlbumTableViewController.swift in Sources */,
				6A3350512178ADB200D014C3 /* AppDelegate.swift in Sources */,
				6A68EF6B217D0956007D7291 /* AlbumPhotosCollectionViewCell.swift in Sources */,
				6A68EF67217D0502007D7291 /* AlbumPhotosViewController.swift in Sources */,
				6A790859217CAC3D00FFE563 /* SignInViewController.swift in Sources */,
				6A68EF5F217CDFF3007D7291 /* AlbumTableViewCell.swift in Sources */,
				6A68EF61217CE784007D7291 /* Album.swift in Sources */,
			);
			runOnlyForDeploymentPostprocessing = 0;
		};
		6A33505D2178ADB400D014C3 /* Sources */ = {
			isa = PBXSourcesBuildPhase;
			buildActionMask = 2147483647;
			files = (
				6A3350662178ADB400D014C3 /* MinervaTests.swift in Sources */,
			);
			runOnlyForDeploymentPostprocessing = 0;
		};
/* End PBXSourcesBuildPhase section */

/* Begin PBXTargetDependency section */
		6A3350632178ADB400D014C3 /* PBXTargetDependency */ = {
			isa = PBXTargetDependency;
			target = 6A33504C2178ADB200D014C3 /* Minerva */;
			targetProxy = 6A3350622178ADB400D014C3 /* PBXContainerItemProxy */;
		};
/* End PBXTargetDependency section */

/* Begin PBXVariantGroup section */
		6A3350542178ADB200D014C3 /* Main.storyboard */ = {
			isa = PBXVariantGroup;
			children = (
				6A3350552178ADB200D014C3 /* Base */,
			);
			name = Main.storyboard;
			sourceTree = "<group>";
		};
		6A3350592178ADB300D014C3 /* LaunchScreen.storyboard */ = {
			isa = PBXVariantGroup;
			children = (
				6A33505A2178ADB300D014C3 /* Base */,
			);
			name = LaunchScreen.storyboard;
			sourceTree = "<group>";
		};
/* End PBXVariantGroup section */

/* Begin XCBuildConfiguration section */
		6A3350682178ADB400D014C3 /* Debug */ = {
			isa = XCBuildConfiguration;
			buildSettings = {
				ALWAYS_SEARCH_USER_PATHS = NO;
				CLANG_ANALYZER_NONNULL = YES;
				CLANG_ANALYZER_NUMBER_OBJECT_CONVERSION = YES_AGGRESSIVE;
				CLANG_CXX_LANGUAGE_STANDARD = "gnu++14";
				CLANG_CXX_LIBRARY = "libc++";
				CLANG_ENABLE_MODULES = YES;
				CLANG_ENABLE_OBJC_ARC = YES;
				CLANG_ENABLE_OBJC_WEAK = YES;
				CLANG_WARN_BLOCK_CAPTURE_AUTORELEASING = YES;
				CLANG_WARN_BOOL_CONVERSION = YES;
				CLANG_WARN_COMMA = YES;
				CLANG_WARN_CONSTANT_CONVERSION = YES;
				CLANG_WARN_DEPRECATED_OBJC_IMPLEMENTATIONS = YES;
				CLANG_WARN_DIRECT_OBJC_ISA_USAGE = YES_ERROR;
				CLANG_WARN_DOCUMENTATION_COMMENTS = YES;
				CLANG_WARN_EMPTY_BODY = YES;
				CLANG_WARN_ENUM_CONVERSION = YES;
				CLANG_WARN_INFINITE_RECURSION = YES;
				CLANG_WARN_INT_CONVERSION = YES;
				CLANG_WARN_NON_LITERAL_NULL_CONVERSION = YES;
				CLANG_WARN_OBJC_IMPLICIT_RETAIN_SELF = YES;
				CLANG_WARN_OBJC_LITERAL_CONVERSION = YES;
				CLANG_WARN_OBJC_ROOT_CLASS = YES_ERROR;
				CLANG_WARN_RANGE_LOOP_ANALYSIS = YES;
				CLANG_WARN_STRICT_PROTOTYPES = YES;
				CLANG_WARN_SUSPICIOUS_MOVE = YES;
				CLANG_WARN_UNGUARDED_AVAILABILITY = YES_AGGRESSIVE;
				CLANG_WARN_UNREACHABLE_CODE = YES;
				CLANG_WARN__DUPLICATE_METHOD_MATCH = YES;
				CODE_SIGN_IDENTITY = "iPhone Developer";
				COPY_PHASE_STRIP = NO;
				DEBUG_INFORMATION_FORMAT = dwarf;
				ENABLE_STRICT_OBJC_MSGSEND = YES;
				ENABLE_TESTABILITY = YES;
				GCC_C_LANGUAGE_STANDARD = gnu11;
				GCC_DYNAMIC_NO_PIC = NO;
				GCC_NO_COMMON_BLOCKS = YES;
				GCC_OPTIMIZATION_LEVEL = 0;
				GCC_PREPROCESSOR_DEFINITIONS = (
					"DEBUG=1",
					"$(inherited)",
				);
				GCC_WARN_64_TO_32_BIT_CONVERSION = YES;
				GCC_WARN_ABOUT_RETURN_TYPE = YES_ERROR;
				GCC_WARN_UNDECLARED_SELECTOR = YES;
				GCC_WARN_UNINITIALIZED_AUTOS = YES_AGGRESSIVE;
				GCC_WARN_UNUSED_FUNCTION = YES;
				GCC_WARN_UNUSED_VARIABLE = YES;
				IPHONEOS_DEPLOYMENT_TARGET = 12.0;
				MTL_ENABLE_DEBUG_INFO = INCLUDE_SOURCE;
				MTL_FAST_MATH = YES;
				ONLY_ACTIVE_ARCH = YES;
				SDKROOT = iphoneos;
				SWIFT_ACTIVE_COMPILATION_CONDITIONS = DEBUG;
				SWIFT_OPTIMIZATION_LEVEL = "-Onone";
			};
			name = Debug;
		};
		6A3350692178ADB400D014C3 /* Release */ = {
			isa = XCBuildConfiguration;
			buildSettings = {
				ALWAYS_SEARCH_USER_PATHS = NO;
				CLANG_ANALYZER_NONNULL = YES;
				CLANG_ANALYZER_NUMBER_OBJECT_CONVERSION = YES_AGGRESSIVE;
				CLANG_CXX_LANGUAGE_STANDARD = "gnu++14";
				CLANG_CXX_LIBRARY = "libc++";
				CLANG_ENABLE_MODULES = YES;
				CLANG_ENABLE_OBJC_ARC = YES;
				CLANG_ENABLE_OBJC_WEAK = YES;
				CLANG_WARN_BLOCK_CAPTURE_AUTORELEASING = YES;
				CLANG_WARN_BOOL_CONVERSION = YES;
				CLANG_WARN_COMMA = YES;
				CLANG_WARN_CONSTANT_CONVERSION = YES;
				CLANG_WARN_DEPRECATED_OBJC_IMPLEMENTATIONS = YES;
				CLANG_WARN_DIRECT_OBJC_ISA_USAGE = YES_ERROR;
				CLANG_WARN_DOCUMENTATION_COMMENTS = YES;
				CLANG_WARN_EMPTY_BODY = YES;
				CLANG_WARN_ENUM_CONVERSION = YES;
				CLANG_WARN_INFINITE_RECURSION = YES;
				CLANG_WARN_INT_CONVERSION = YES;
				CLANG_WARN_NON_LITERAL_NULL_CONVERSION = YES;
				CLANG_WARN_OBJC_IMPLICIT_RETAIN_SELF = YES;
				CLANG_WARN_OBJC_LITERAL_CONVERSION = YES;
				CLANG_WARN_OBJC_ROOT_CLASS = YES_ERROR;
				CLANG_WARN_RANGE_LOOP_ANALYSIS = YES;
				CLANG_WARN_STRICT_PROTOTYPES = YES;
				CLANG_WARN_SUSPICIOUS_MOVE = YES;
				CLANG_WARN_UNGUARDED_AVAILABILITY = YES_AGGRESSIVE;
				CLANG_WARN_UNREACHABLE_CODE = YES;
				CLANG_WARN__DUPLICATE_METHOD_MATCH = YES;
				CODE_SIGN_IDENTITY = "iPhone Developer";
				COPY_PHASE_STRIP = NO;
				DEBUG_INFORMATION_FORMAT = "dwarf-with-dsym";
				ENABLE_NS_ASSERTIONS = NO;
				ENABLE_STRICT_OBJC_MSGSEND = YES;
				GCC_C_LANGUAGE_STANDARD = gnu11;
				GCC_NO_COMMON_BLOCKS = YES;
				GCC_WARN_64_TO_32_BIT_CONVERSION = YES;
				GCC_WARN_ABOUT_RETURN_TYPE = YES_ERROR;
				GCC_WARN_UNDECLARED_SELECTOR = YES;
				GCC_WARN_UNINITIALIZED_AUTOS = YES_AGGRESSIVE;
				GCC_WARN_UNUSED_FUNCTION = YES;
				GCC_WARN_UNUSED_VARIABLE = YES;
				IPHONEOS_DEPLOYMENT_TARGET = 12.0;
				MTL_ENABLE_DEBUG_INFO = NO;
				MTL_FAST_MATH = YES;
				SDKROOT = iphoneos;
				SWIFT_COMPILATION_MODE = wholemodule;
				SWIFT_OPTIMIZATION_LEVEL = "-O";
				VALIDATE_PRODUCT = YES;
			};
			name = Release;
		};
		6A33506B2178ADB400D014C3 /* Debug */ = {
			isa = XCBuildConfiguration;
			baseConfigurationReference = 2781927DD8C03990C926684E /* Pods-Minerva.debug.xcconfig */;
			buildSettings = {
				ASSETCATALOG_COMPILER_APPICON_NAME = AppIcon;
				CODE_SIGN_STYLE = Automatic;
				INFOPLIST_FILE = Minerva/Info.plist;
				LD_RUNPATH_SEARCH_PATHS = (
					"$(inherited)",
					"@executable_path/Frameworks",
				);
				PRODUCT_BUNDLE_IDENTIFIER = com.example.Minerva;
				PRODUCT_NAME = "$(TARGET_NAME)";
				SWIFT_VERSION = 4.2;
				TARGETED_DEVICE_FAMILY = "1,2";
			};
			name = Debug;
		};
		6A33506C2178ADB400D014C3 /* Release */ = {
			isa = XCBuildConfiguration;
			baseConfigurationReference = 50BC76314B3087338E8CBDF7 /* Pods-Minerva.release.xcconfig */;
			buildSettings = {
				ASSETCATALOG_COMPILER_APPICON_NAME = AppIcon;
				CODE_SIGN_STYLE = Automatic;
				INFOPLIST_FILE = Minerva/Info.plist;
				LD_RUNPATH_SEARCH_PATHS = (
					"$(inherited)",
					"@executable_path/Frameworks",
				);
				PRODUCT_BUNDLE_IDENTIFIER = com.example.Minerva;
				PRODUCT_NAME = "$(TARGET_NAME)";
				SWIFT_VERSION = 4.2;
				TARGETED_DEVICE_FAMILY = "1,2";
			};
			name = Release;
		};
		6A33506E2178ADB400D014C3 /* Debug */ = {
			isa = XCBuildConfiguration;
			baseConfigurationReference = 1FD924BB4DB867E32B37285B /* Pods-MinervaTests.debug.xcconfig */;
			buildSettings = {
				ALWAYS_EMBED_SWIFT_STANDARD_LIBRARIES = YES;
				BUNDLE_LOADER = "$(TEST_HOST)";
				CODE_SIGN_STYLE = Automatic;
				INFOPLIST_FILE = MinervaTests/Info.plist;
				LD_RUNPATH_SEARCH_PATHS = (
					"$(inherited)",
					"@executable_path/Frameworks",
					"@loader_path/Frameworks",
				);
				PRODUCT_BUNDLE_IDENTIFIER = com.example.MinervaTests;
				PRODUCT_NAME = "$(TARGET_NAME)";
				SWIFT_VERSION = 4.2;
				TARGETED_DEVICE_FAMILY = "1,2";
				TEST_HOST = "$(BUILT_PRODUCTS_DIR)/Minerva.app/Minerva";
			};
			name = Debug;
		};
		6A33506F2178ADB400D014C3 /* Release */ = {
			isa = XCBuildConfiguration;
			baseConfigurationReference = 4AC687777395F30C65D7D66D /* Pods-MinervaTests.release.xcconfig */;
			buildSettings = {
				ALWAYS_EMBED_SWIFT_STANDARD_LIBRARIES = YES;
				BUNDLE_LOADER = "$(TEST_HOST)";
				CODE_SIGN_STYLE = Automatic;
				INFOPLIST_FILE = MinervaTests/Info.plist;
				LD_RUNPATH_SEARCH_PATHS = (
					"$(inherited)",
					"@executable_path/Frameworks",
					"@loader_path/Frameworks",
				);
				PRODUCT_BUNDLE_IDENTIFIER = com.example.MinervaTests;
				PRODUCT_NAME = "$(TARGET_NAME)";
				SWIFT_VERSION = 4.2;
				TARGETED_DEVICE_FAMILY = "1,2";
				TEST_HOST = "$(BUILT_PRODUCTS_DIR)/Minerva.app/Minerva";
			};
			name = Release;
		};
/* End XCBuildConfiguration section */

/* Begin XCConfigurationList section */
		6A3350482178ADB200D014C3 /* Build configuration list for PBXProject "Minerva" */ = {
			isa = XCConfigurationList;
			buildConfigurations = (
				6A3350682178ADB400D014C3 /* Debug */,
				6A3350692178ADB400D014C3 /* Release */,
			);
			defaultConfigurationIsVisible = 0;
			defaultConfigurationName = Release;
		};
		6A33506A2178ADB400D014C3 /* Build configuration list for PBXNativeTarget "Minerva" */ = {
			isa = XCConfigurationList;
			buildConfigurations = (
				6A33506B2178ADB400D014C3 /* Debug */,
				6A33506C2178ADB400D014C3 /* Release */,
			);
			defaultConfigurationIsVisible = 0;
			defaultConfigurationName = Release;
		};
		6A33506D2178ADB400D014C3 /* Build configuration list for PBXNativeTarget "MinervaTests" */ = {
			isa = XCConfigurationList;
			buildConfigurations = (
				6A33506E2178ADB400D014C3 /* Debug */,
				6A33506F2178ADB400D014C3 /* Release */,
			);
			defaultConfigurationIsVisible = 0;
			defaultConfigurationName = Release;
		};
/* End XCConfigurationList section */
	};
	rootObject = 6A3350452178ADB200D014C3 /* Project object */;
}
